
Microsoft Visual Studio Solution File, Format Version 12.00
# Visual Studio Version 17
VisualStudioVersion = 17.12.35707.178
MinimumVisualStudioVersion = 10.0.40219.1
Project("{FAE04EC0-301F-11D3-BF4B-00C04F79EFBC}") = "HouseOfNaksh.Domain", "src\HouseOfNaksh.Domain\HouseOfNaksh.Domain.csproj", "{B0CB8007-9890-473E-9E60-55886C17CEFC}"
EndProject
Project("{FAE04EC0-301F-11D3-BF4B-00C04F79EFBC}") = "HouseOfNaksh.Infrastructure", "src\HouseOfNaksh.Infrastructure\HouseOfNaksh.Infrastructure.csproj", "{73E55388-7128-409F-AF53-EFDF491CF3BB}"
EndProject
Project("{FAE04EC0-301F-11D3-BF4B-00C04F79EFBC}") = "HouseOfNaksh.Tests", "Tests\HouseOfNaksh.Tests\HouseOfNaksh.Tests.csproj", "{F540B221-A774-4FE2-B1C8-14E1DD80A900}"
EndProject
Project("{FAE04EC0-301F-11D3-BF4B-00C04F79EFBC}") = "HouseOfNaksh.Api", "src\HouseOfNaksh.Api\HouseOfNaksh.Api.csproj", "{69ADDA6C-56F5-4C0A-A952-9D2E74385F18}"
EndProject
Global
	GlobalSection(SolutionConfigurationPlatforms) = preSolution
		Debug|Any CPU = Debug|Any CPU
		Release|Any CPU = Release|Any CPU
	EndGlobalSection
	GlobalSection(ProjectConfigurationPlatforms) = postSolution
		{B0CB8007-9890-473E-9E60-55886C17CEFC}.Debug|Any CPU.ActiveCfg = Debug|Any CPU
		{B0CB8007-9890-473E-9E60-55886C17CEFC}.Debug|Any CPU.Build.0 = Debug|Any CPU
		{B0CB8007-9890-473E-9E60-55886C17CEFC}.Release|Any CPU.ActiveCfg = Release|Any CPU
		{B0CB8007-9890-473E-9E60-55886C17CEFC}.Release|Any CPU.Build.0 = Release|Any CPU
		{73E55388-7128-409F-AF53-EFDF491CF3BB}.Debug|Any CPU.ActiveCfg = Debug|Any CPU
		{73E55388-7128-409F-AF53-EFDF491CF3BB}.Debug|Any CPU.Build.0 = Debug|Any CPU
		{73E55388-7128-409F-AF53-EFDF491CF3BB}.Release|Any CPU.ActiveCfg = Release|Any CPU
		{73E55388-7128-409F-AF53-EFDF491CF3BB}.Release|Any CPU.Build.0 = Release|Any CPU
		{F540B221-A774-4FE2-B1C8-14E1DD80A900}.Debug|Any CPU.ActiveCfg = Debug|Any CPU
		{F540B221-A774-4FE2-B1C8-14E1DD80A900}.Debug|Any CPU.Build.0 = Debug|Any CPU
		{F540B221-A774-4FE2-B1C8-14E1DD80A900}.Release|Any CPU.ActiveCfg = Release|Any CPU
		{F540B221-A774-4FE2-B1C8-14E1DD80A900}.Release|Any CPU.Build.0 = Release|Any CPU
		{69ADDA6C-56F5-4C0A-A952-9D2E74385F18}.Debug|Any CPU.ActiveCfg = Debug|Any CPU
		{69ADDA6C-56F5-4C0A-A952-9D2E74385F18}.Debug|Any CPU.Build.0 = Debug|Any CPU
		{69ADDA6C-56F5-4C0A-A952-9D2E74385F18}.Release|Any CPU.ActiveCfg = Release|Any CPU
		{69ADDA6C-56F5-4C0A-A952-9D2E74385F18}.Release|Any CPU.Build.0 = Release|Any CPU
	EndGlobalSection
	GlobalSection(SolutionProperties) = preSolution
		HideSolutionNode = FALSE
	EndGlobalSection
EndGlobal
